
Microsoft Visual Studio Solution File, Format Version 12.00
# Visual Studio Version 16
VisualStudioVersion = 16.0.30621.155
MinimumVisualStudioVersion = 10.0.40219.1
Project("{FAE04EC0-301F-11D3-BF4B-00C04F79EFBC}") = "OpenALPendingBufferCount", "OpenALPendingBufferCount\OpenALPendingBufferCount.csproj", "{95DE51A2-4053-4835-A166-BC7CF5AE5821}"
EndProject
Global
	GlobalSection(SolutionConfigurationPlatforms) = preSolution
		Debug|Any CPU = Debug|Any CPU
		Release|Any CPU = Release|Any CPU
	EndGlobalSection
	GlobalSection(ProjectConfigurationPlatforms) = postSolution
		{95DE51A2-4053-4835-A166-BC7CF5AE5821}.Debug|Any CPU.ActiveCfg = Debug|Any CPU
		{95DE51A2-4053-4835-A166-BC7CF5AE5821}.Debug|Any CPU.Build.0 = Debug|Any CPU
		{95DE51A2-4053-4835-A166-BC7CF5AE5821}.Release|Any CPU.ActiveCfg = Release|Any CPU
		{95DE51A2-4053-4835-A166-BC7CF5AE5821}.Release|Any CPU.Build.0 = Release|Any CPU
	EndGlobalSection
	GlobalSection(SolutionProperties) = preSolution
		HideSolutionNode = FALSE
	EndGlobalSection
	GlobalSection(ExtensibilityGlobals) = postSolution
		SolutionGuid = {F888EF86-4EBA-4678-8DFF-22D944D14875}
	EndGlobalSection
EndGlobal
